PODS:
  - iOSSnapshotTestCase (2.2.0):
    - iOSSnapshotTestCase/SwiftSupport (= 2.2.0)
  - iOSSnapshotTestCase/Core (2.2.0)
  - iOSSnapshotTestCase/SwiftSupport (2.2.0):
    - iOSSnapshotTestCase/Core
  - SnappyTestCase (0.1.0):
    - iOSSnapshotTestCase (~> 2.2.0)

DEPENDENCIES:
  - SnappyTestCase (from `..`)

EXTERNAL SOURCES:
  SnappyTestCase:
    :path: ".."

SPEC CHECKSUMS:
  iOSSnapshotTestCase: 415bd84f9dbba4ff45fede49d800bc7332fbedac
  SnappyTestCase: b8a20b775699eda85e5fa8200102903363fad6ff

PODFILE CHECKSUM: f61dbe1db59789fc562d84c15d21f60cfca1ee1b

COCOAPODS: 1.2.1
