PODS:
  - FBSnapshotTestCase (2.1.4):
    - FBSnapshotTestCase/SwiftSupport (= 2.1.4)
  - FBSnapshotTestCase/Core (2.1.4)
  - FBSnapshotTestCase/SwiftSupport (2.1.4):
    - FBSnapshotTestCase/Core
  - SnappyTestCase (0.1.0):
    - FBSnapshotTestCase (~> 2.1.4)

DEPENDENCIES:
  - SnappyTestCase (from `..`)

EXTERNAL SOURCES:
  SnappyTestCase:
    :path: ..

SPEC CHECKSUMS:
  FBSnapshotTestCase: 094f9f314decbabe373b87cc339bea235a63e07a
  SnappyTestCase: 649294c67a049a29b7c5d6e84dc93372b49be187

PODFILE CHECKSUM: f61dbe1db59789fc562d84c15d21f60cfca1ee1b

COCOAPODS: 1.2.0.beta.1
