PODS:
  - FBSnapshotTestCase (2.1.4):
    - FBSnapshotTestCase/SwiftSupport (= 2.1.4)
  - FBSnapshotTestCase/Core (2.1.4)
  - FBSnapshotTestCase/SwiftSupport (2.1.4):
    - FBSnapshotTestCase/Core
  - Snappy (0.0.2):
    - FBSnapshotTestCase (~> 2.1.4)

DEPENDENCIES:
  - Snappy (from `..`)

EXTERNAL SOURCES:
  Snappy:
    :path: ..

SPEC CHECKSUMS:
  FBSnapshotTestCase: 094f9f314decbabe373b87cc339bea235a63e07a
  Snappy: 59b556f9a03ccc5dedd7201936382332f0b0b738

PODFILE CHECKSUM: a350b1a63c007252e9840155a833c5e9e39391bf

COCOAPODS: 1.2.0.beta.1
